
Microsoft Visual Studio Solution File, Format Version 12.00
# Visual Studio Version 16
VisualStudioVersion = 16.0.31729.503
MinimumVisualStudioVersion = 10.0.40219.1
Project("{9A19103F-16F7-4668-BE54-9A1E7A4F7556}") = "OxfordParser", "OxfordParser\OxfordParser.csproj", "{74751F65-F4B4-4C2C-83EF-C1A5848C7F82}"
EndProject
Project("{9A19103F-16F7-4668-BE54-9A1E7A4F7556}") = "OxfordParser.Tests", "OxfordParser.Tests\OxfordParser.Tests.csproj", "{D9BECA6D-6326-4C76-A1E5-D606F1084404}"
EndProject
Project("{9A19103F-16F7-4668-BE54-9A1E7A4F7556}") = "OxfordParser.Data", "OxfordParser.Data\OxfordParser.Data.csproj", "{7A01E8AC-DE28-478C-9303-0F030D818DF7}"
EndProject
Project("{9A19103F-16F7-4668-BE54-9A1E7A4F7556}") = "Oxford.Client", "Oxford.Client\Oxford.Client.csproj", "{0CF0A472-7F03-4C19-8130-08C681294E7F}"
EndProject
Project("{9A19103F-16F7-4668-BE54-9A1E7A4F7556}") = "AngleSharp.Parser", "AngleSharpParser\AngleSharp.Parser.csproj", "{E0692C95-FE00-4D7C-8712-BB21D3CDE8EF}"
EndProject
Project("{E53339B2-1760-4266-BCC7-CA923CBCF16C}") = "docker-compose", "docker-compose.dcproj", "{F06267E6-B903-4015-BADF-9076BA6DCDC3}"
EndProject
Global
	GlobalSection(SolutionConfigurationPlatforms) = preSolution
		Debug|Any CPU = Debug|Any CPU
		Release|Any CPU = Release|Any CPU
	EndGlobalSection
	GlobalSection(ProjectConfigurationPlatforms) = postSolution
		{74751F65-F4B4-4C2C-83EF-C1A5848C7F82}.Debug|Any CPU.ActiveCfg = Debug|Any CPU
		{74751F65-F4B4-4C2C-83EF-C1A5848C7F82}.Debug|Any CPU.Build.0 = Debug|Any CPU
		{74751F65-F4B4-4C2C-83EF-C1A5848C7F82}.Release|Any CPU.ActiveCfg = Release|Any CPU
		{74751F65-F4B4-4C2C-83EF-C1A5848C7F82}.Release|Any CPU.Build.0 = Release|Any CPU
		{D9BECA6D-6326-4C76-A1E5-D606F1084404}.Debug|Any CPU.ActiveCfg = Debug|Any CPU
		{D9BECA6D-6326-4C76-A1E5-D606F1084404}.Debug|Any CPU.Build.0 = Debug|Any CPU
		{D9BECA6D-6326-4C76-A1E5-D606F1084404}.Release|Any CPU.ActiveCfg = Release|Any CPU
		{D9BECA6D-6326-4C76-A1E5-D606F1084404}.Release|Any CPU.Build.0 = Release|Any CPU
		{7A01E8AC-DE28-478C-9303-0F030D818DF7}.Debug|Any CPU.ActiveCfg = Debug|Any CPU
		{7A01E8AC-DE28-478C-9303-0F030D818DF7}.Debug|Any CPU.Build.0 = Debug|Any CPU
		{7A01E8AC-DE28-478C-9303-0F030D818DF7}.Release|Any CPU.ActiveCfg = Release|Any CPU
		{7A01E8AC-DE28-478C-9303-0F030D818DF7}.Release|Any CPU.Build.0 = Release|Any CPU
		{0CF0A472-7F03-4C19-8130-08C681294E7F}.Debug|Any CPU.ActiveCfg = Debug|Any CPU
		{0CF0A472-7F03-4C19-8130-08C681294E7F}.Debug|Any CPU.Build.0 = Debug|Any CPU
		{0CF0A472-7F03-4C19-8130-08C681294E7F}.Release|Any CPU.ActiveCfg = Release|Any CPU
		{0CF0A472-7F03-4C19-8130-08C681294E7F}.Release|Any CPU.Build.0 = Release|Any CPU
		{E0692C95-FE00-4D7C-8712-BB21D3CDE8EF}.Debug|Any CPU.ActiveCfg = Debug|Any CPU
		{E0692C95-FE00-4D7C-8712-BB21D3CDE8EF}.Debug|Any CPU.Build.0 = Debug|Any CPU
		{E0692C95-FE00-4D7C-8712-BB21D3CDE8EF}.Release|Any CPU.ActiveCfg = Release|Any CPU
		{E0692C95-FE00-4D7C-8712-BB21D3CDE8EF}.Release|Any CPU.Build.0 = Release|Any CPU
		{F06267E6-B903-4015-BADF-9076BA6DCDC3}.Debug|Any CPU.ActiveCfg = Debug|Any CPU
		{F06267E6-B903-4015-BADF-9076BA6DCDC3}.Debug|Any CPU.Build.0 = Debug|Any CPU
		{F06267E6-B903-4015-BADF-9076BA6DCDC3}.Release|Any CPU.ActiveCfg = Release|Any CPU
		{F06267E6-B903-4015-BADF-9076BA6DCDC3}.Release|Any CPU.Build.0 = Release|Any CPU
	EndGlobalSection
	GlobalSection(SolutionProperties) = preSolution
		HideSolutionNode = FALSE
	EndGlobalSection
	GlobalSection(ExtensibilityGlobals) = postSolution
		SolutionGuid = {21646F73-6AE4-4F5D-9E3C-F122EFF4C62F}
	EndGlobalSection
EndGlobal
